
Microsoft Visual Studio Solution File, Format Version 12.00
# Visual Studio Version 17
VisualStudioVersion = 17.9.34723.18
MinimumVisualStudioVersion = 10.0.40219.1
Project("{FAE04EC0-301F-11D3-BF4B-00C04F79EFBC}") = "Marketoo.ECommerceAPI", "Marketoo.ECommerceAPI\Marketoo.ECommerceAPI.csproj", "{6456BEBB-5827-4008-AAAF-F35577570DA3}"
EndProject
Project("{FAE04EC0-301F-11D3-BF4B-00C04F79EFBC}") = "Marketoo.Core", "Marketoo.Core\Marketoo.Core.csproj", "{5CAA503C-56E6-404A-862D-B497E4E7E11A}"
EndProject
Project("{FAE04EC0-301F-11D3-BF4B-00C04F79EFBC}") = "Marketoo.Application", "Application\Marketoo.Application.csproj", "{6119A89C-9725-4788-B354-E0E7A7F14E3F}"
EndProject
Project("{FAE04EC0-301F-11D3-BF4B-00C04F79EFBC}") = "Marketoo.Infrastructure", "Marketoo.Infrastructure\Marketoo.Infrastructure.csproj", "{2B227D05-D63A-43E9-AB9D-7C6C81C125A0}"
EndProject
Project("{2150E333-8FDC-42A3-9474-1A3956D46DE8}") = "Src", "Src", "{1EFABB52-2A2F-4F5B-97E3-E50667F60FE7}"
EndProject
Project("{2150E333-8FDC-42A3-9474-1A3956D46DE8}") = "API", "API", "{B6EF04E3-46FD-4C16-96D0-3AC7B04F82FB}"
EndProject
Project("{2150E333-8FDC-42A3-9474-1A3956D46DE8}") = "Core", "Core", "{F5DEC917-C9A8-4564-B937-F7CB059EC193}"
EndProject
Project("{2150E333-8FDC-42A3-9474-1A3956D46DE8}") = "Application", "Application", "{87EE1F74-2539-4739-8BA4-A730D1969E4C}"
EndProject
Project("{2150E333-8FDC-42A3-9474-1A3956D46DE8}") = "Infrastructure", "Infrastructure", "{93048F8A-1C13-44D1-8343-B1818F378941}"
EndProject
Global
	GlobalSection(SolutionConfigurationPlatforms) = preSolution
		Debug|Any CPU = Debug|Any CPU
		Release|Any CPU = Release|Any CPU
	EndGlobalSection
	GlobalSection(ProjectConfigurationPlatforms) = postSolution
		{6456BEBB-5827-4008-AAAF-F35577570DA3}.Debug|Any CPU.ActiveCfg = Debug|Any CPU
		{6456BEBB-5827-4008-AAAF-F35577570DA3}.Debug|Any CPU.Build.0 = Debug|Any CPU
		{6456BEBB-5827-4008-AAAF-F35577570DA3}.Release|Any CPU.ActiveCfg = Release|Any CPU
		{6456BEBB-5827-4008-AAAF-F35577570DA3}.Release|Any CPU.Build.0 = Release|Any CPU
		{5CAA503C-56E6-404A-862D-B497E4E7E11A}.Debug|Any CPU.ActiveCfg = Debug|Any CPU
		{5CAA503C-56E6-404A-862D-B497E4E7E11A}.Debug|Any CPU.Build.0 = Debug|Any CPU
		{5CAA503C-56E6-404A-862D-B497E4E7E11A}.Release|Any CPU.ActiveCfg = Release|Any CPU
		{5CAA503C-56E6-404A-862D-B497E4E7E11A}.Release|Any CPU.Build.0 = Release|Any CPU
		{6119A89C-9725-4788-B354-E0E7A7F14E3F}.Debug|Any CPU.ActiveCfg = Debug|Any CPU
		{6119A89C-9725-4788-B354-E0E7A7F14E3F}.Debug|Any CPU.Build.0 = Debug|Any CPU
		{6119A89C-9725-4788-B354-E0E7A7F14E3F}.Release|Any CPU.ActiveCfg = Release|Any CPU
		{6119A89C-9725-4788-B354-E0E7A7F14E3F}.Release|Any CPU.Build.0 = Release|Any CPU
		{2B227D05-D63A-43E9-AB9D-7C6C81C125A0}.Debug|Any CPU.ActiveCfg = Debug|Any CPU
		{2B227D05-D63A-43E9-AB9D-7C6C81C125A0}.Debug|Any CPU.Build.0 = Debug|Any CPU
		{2B227D05-D63A-43E9-AB9D-7C6C81C125A0}.Release|Any CPU.ActiveCfg = Release|Any CPU
		{2B227D05-D63A-43E9-AB9D-7C6C81C125A0}.Release|Any CPU.Build.0 = Release|Any CPU
	EndGlobalSection
	GlobalSection(SolutionProperties) = preSolution
		HideSolutionNode = FALSE
	EndGlobalSection
	GlobalSection(NestedProjects) = preSolution
		{6456BEBB-5827-4008-AAAF-F35577570DA3} = {B6EF04E3-46FD-4C16-96D0-3AC7B04F82FB}
		{5CAA503C-56E6-404A-862D-B497E4E7E11A} = {F5DEC917-C9A8-4564-B937-F7CB059EC193}
		{6119A89C-9725-4788-B354-E0E7A7F14E3F} = {87EE1F74-2539-4739-8BA4-A730D1969E4C}
		{2B227D05-D63A-43E9-AB9D-7C6C81C125A0} = {93048F8A-1C13-44D1-8343-B1818F378941}
		{B6EF04E3-46FD-4C16-96D0-3AC7B04F82FB} = {1EFABB52-2A2F-4F5B-97E3-E50667F60FE7}
		{F5DEC917-C9A8-4564-B937-F7CB059EC193} = {1EFABB52-2A2F-4F5B-97E3-E50667F60FE7}
		{87EE1F74-2539-4739-8BA4-A730D1969E4C} = {1EFABB52-2A2F-4F5B-97E3-E50667F60FE7}
		{93048F8A-1C13-44D1-8343-B1818F378941} = {1EFABB52-2A2F-4F5B-97E3-E50667F60FE7}
	EndGlobalSection
	GlobalSection(ExtensibilityGlobals) = postSolution
		SolutionGuid = {194E3EE6-42F0-4AEE-BAFB-2A0BB80604E9}
	EndGlobalSection
EndGlobal
